
Microsoft Visual Studio Solution File, Format Version 12.00
# Visual Studio Version 17
VisualStudioVersion = 17.1.32328.378
MinimumVisualStudioVersion = 10.0.40219.1
Project("{9A19103F-16F7-4668-BE54-9A1E7A4F7556}") = "Roebi", "Roebi\Roebi.csproj", "{8F27A474-9C66-437D-A4FF-2278BB7BE716}"
EndProject
Project("{2150E333-8FDC-42A3-9474-1A3956D46DE8}") = "NewFolder1", "NewFolder1", "{5306C833-5842-4F98-AEE1-AA2EC4DE3AEC}"
EndProject
Global
	GlobalSection(SolutionConfigurationPlatforms) = preSolution
		Debug|Any CPU = Debug|Any CPU
		Release|Any CPU = Release|Any CPU
	EndGlobalSection
	GlobalSection(ProjectConfigurationPlatforms) = postSolution
		{8F27A474-9C66-437D-A4FF-2278BB7BE716}.Debug|Any CPU.ActiveCfg = Debug|Any CPU
		{8F27A474-9C66-437D-A4FF-2278BB7BE716}.Debug|Any CPU.Build.0 = Debug|Any CPU
		{8F27A474-9C66-437D-A4FF-2278BB7BE716}.Release|Any CPU.ActiveCfg = Release|Any CPU
		{8F27A474-9C66-437D-A4FF-2278BB7BE716}.Release|Any CPU.Build.0 = Release|Any CPU
	EndGlobalSection
	GlobalSection(SolutionProperties) = preSolution
		HideSolutionNode = FALSE
	EndGlobalSection
	GlobalSection(ExtensibilityGlobals) = postSolution
		SolutionGuid = {BDA1AF94-B1E6-4AB1-8D90-F43A7667F446}
	EndGlobalSection
EndGlobal
